hash: 0ae4892a5117917f1ef533e93227bc2ea4f2644680e9aca328f0144fdbf5f45a
updated: 2017-01-18T13:18:46.39305831-05:00
imports:
- name: github.com/disintegration/imaging
  version: 243d2d8673c1225a6afceeb9b3b4423d485dc8df
- name: github.com/nfnt/resize
  version: 891127d8d1b52734debe1b3c3d7e747502b6c366
- name: github.com/oliamb/cutter
  version: 6bb26911f52436bb5c63667f9aaa2d1826b2df9e
- name: github.com/pressly/chi
  version: 54f435d539226571eab1987ed862b1c0fdfdc892
- name: github.com/rs/xhandler
  version: d9d9599b6aaf6a058cb7b1f48291ded2cbd13390
- name: github.com/rs/xmux
  version: 447ce20d8516cc0d2564fc3de70b5d078e0b816e
- name: github.com/rwcarlsen/goexif
  version: 709fab3d192d7c62f86043caff1e7e3fb0f42bd8
  subpackages:
  - exif
  - tiff
- name: golang.org/x/image
  version: 1ff62c92167a10494f3e0b1e77cb67860a6ac43a
  subpackages:
  - bmp
  - tiff
  - tiff/lzw
- name: golang.org/x/net
  version: cbbbe2bc0f2efdd2afb318d93f1eadb19350e4a3
  subpackages:
  - context
testImports: []
